
Microsoft Visual Studio Solution File, Format Version 12.00
# Visual Studio Version 16
VisualStudioVersion = 16.0.33801.447
MinimumVisualStudioVersion = 10.0.40219.1
Project("{FAE04EC0-301F-11D3-BF4B-00C04F79EFBC}") = "ATM2", "ATM2.csproj", "{7D528DDE-2F1E-499A-B7A0-9C1238532DB8}"
EndProject
Global
	GlobalSection(SolutionConfigurationPlatforms) = preSolution
		Debug|Any CPU = Debug|Any CPU
		Release|Any CPU = Release|Any CPU
	EndGlobalSection
	GlobalSection(ProjectConfigurationPlatforms) = postSolution
		{7D528DDE-2F1E-499A-B7A0-9C1238532DB8}.Debug|Any CPU.ActiveCfg = Debug|Any CPU
		{7D528DDE-2F1E-499A-B7A0-9C1238532DB8}.Debug|Any CPU.Build.0 = Debug|Any CPU
		{7D528DDE-2F1E-499A-B7A0-9C1238532DB8}.Release|Any CPU.ActiveCfg = Release|Any CPU
		{7D528DDE-2F1E-499A-B7A0-9C1238532DB8}.Release|Any CPU.Build.0 = Release|Any CPU
	EndGlobalSection
	GlobalSection(SolutionProperties) = preSolution
		HideSolutionNode = FALSE
	EndGlobalSection
	GlobalSection(ExtensibilityGlobals) = postSolution
		SolutionGuid = {7B2AD498-D2D8-4EEB-AA7E-77A3E005F39C}
	EndGlobalSection
EndGlobal
