
Microsoft Visual Studio Solution File, Format Version 12.00
# Visual Studio Version 16
VisualStudioVersion = 16.0.33801.447
MinimumVisualStudioVersion = 10.0.40219.1
Project("{FAE04EC0-301F-11D3-BF4B-00C04F79EFBC}") = "Loop", "Loop.csproj", "{4147CF87-057D-4348-9911-45492C3DB508}"
EndProject
Global
	GlobalSection(SolutionConfigurationPlatforms) = preSolution
		Debug|Any CPU = Debug|Any CPU
		Release|Any CPU = Release|Any CPU
	EndGlobalSection
	GlobalSection(ProjectConfigurationPlatforms) = postSolution
		{4147CF87-057D-4348-9911-45492C3DB508}.Debug|Any CPU.ActiveCfg = Debug|Any CPU
		{4147CF87-057D-4348-9911-45492C3DB508}.Debug|Any CPU.Build.0 = Debug|Any CPU
		{4147CF87-057D-4348-9911-45492C3DB508}.Release|Any CPU.ActiveCfg = Release|Any CPU
		{4147CF87-057D-4348-9911-45492C3DB508}.Release|Any CPU.Build.0 = Release|Any CPU
	EndGlobalSection
	GlobalSection(SolutionProperties) = preSolution
		HideSolutionNode = FALSE
	EndGlobalSection
	GlobalSection(ExtensibilityGlobals) = postSolution
		SolutionGuid = {EA9007F1-775D-4F73-9E9D-F2E6366DD79D}
	EndGlobalSection
EndGlobal
