
Microsoft Visual Studio Solution File, Format Version 12.00
# Visual Studio Version 16
VisualStudioVersion = 16.0.33801.447
MinimumVisualStudioVersion = 10.0.40219.1
Project("{FAE04EC0-301F-11D3-BF4B-00C04F79EFBC}") = "ATM", "ATM.csproj", "{C22E64C9-FB94-4649-BE76-D5F376D0E206}"
EndProject
Global
	GlobalSection(SolutionConfigurationPlatforms) = preSolution
		Debug|Any CPU = Debug|Any CPU
		Release|Any CPU = Release|Any CPU
	EndGlobalSection
	GlobalSection(ProjectConfigurationPlatforms) = postSolution
		{C22E64C9-FB94-4649-BE76-D5F376D0E206}.Debug|Any CPU.ActiveCfg = Debug|Any CPU
		{C22E64C9-FB94-4649-BE76-D5F376D0E206}.Debug|Any CPU.Build.0 = Debug|Any CPU
		{C22E64C9-FB94-4649-BE76-D5F376D0E206}.Release|Any CPU.ActiveCfg = Release|Any CPU
		{C22E64C9-FB94-4649-BE76-D5F376D0E206}.Release|Any CPU.Build.0 = Release|Any CPU
	EndGlobalSection
	GlobalSection(SolutionProperties) = preSolution
		HideSolutionNode = FALSE
	EndGlobalSection
	GlobalSection(ExtensibilityGlobals) = postSolution
		SolutionGuid = {DC85BD35-B311-4DF0-8BF7-D7EC5AB33B95}
	EndGlobalSection
EndGlobal
