
Microsoft Visual Studio Solution File, Format Version 12.00
# Visual Studio Version 16
VisualStudioVersion = 16.0.33801.447
MinimumVisualStudioVersion = 10.0.40219.1
Project("{FAE04EC0-301F-11D3-BF4B-00C04F79EFBC}") = "Method1", "Method1.csproj", "{09C4A951-9476-4FD1-A9EC-89B9B93DC5E0}"
EndProject
Global
	GlobalSection(SolutionConfigurationPlatforms) = preSolution
		Debug|Any CPU = Debug|Any CPU
		Release|Any CPU = Release|Any CPU
	EndGlobalSection
	GlobalSection(ProjectConfigurationPlatforms) = postSolution
		{09C4A951-9476-4FD1-A9EC-89B9B93DC5E0}.Debug|Any CPU.ActiveCfg = Debug|Any CPU
		{09C4A951-9476-4FD1-A9EC-89B9B93DC5E0}.Debug|Any CPU.Build.0 = Debug|Any CPU
		{09C4A951-9476-4FD1-A9EC-89B9B93DC5E0}.Release|Any CPU.ActiveCfg = Release|Any CPU
		{09C4A951-9476-4FD1-A9EC-89B9B93DC5E0}.Release|Any CPU.Build.0 = Release|Any CPU
	EndGlobalSection
	GlobalSection(SolutionProperties) = preSolution
		HideSolutionNode = FALSE
	EndGlobalSection
	GlobalSection(ExtensibilityGlobals) = postSolution
		SolutionGuid = {AC44E1B8-F413-42EA-9A9E-DD3C8D23B6A0}
	EndGlobalSection
EndGlobal
