
Microsoft Visual Studio Solution File, Format Version 12.00
# Visual Studio Version 16
VisualStudioVersion = 16.0.33801.447
MinimumVisualStudioVersion = 10.0.40219.1
Project("{FAE04EC0-301F-11D3-BF4B-00C04F79EFBC}") = "Arrays", "Arrays.csproj", "{B379C683-E8E7-427A-958E-139AB2F4CFB7}"
EndProject
Global
	GlobalSection(SolutionConfigurationPlatforms) = preSolution
		Debug|Any CPU = Debug|Any CPU
		Release|Any CPU = Release|Any CPU
	EndGlobalSection
	GlobalSection(ProjectConfigurationPlatforms) = postSolution
		{B379C683-E8E7-427A-958E-139AB2F4CFB7}.Debug|Any CPU.ActiveCfg = Debug|Any CPU
		{B379C683-E8E7-427A-958E-139AB2F4CFB7}.Debug|Any CPU.Build.0 = Debug|Any CPU
		{B379C683-E8E7-427A-958E-139AB2F4CFB7}.Release|Any CPU.ActiveCfg = Release|Any CPU
		{B379C683-E8E7-427A-958E-139AB2F4CFB7}.Release|Any CPU.Build.0 = Release|Any CPU
	EndGlobalSection
	GlobalSection(SolutionProperties) = preSolution
		HideSolutionNode = FALSE
	EndGlobalSection
	GlobalSection(ExtensibilityGlobals) = postSolution
		SolutionGuid = {7EB430D3-D2FD-4167-A799-072FC515C686}
	EndGlobalSection
EndGlobal
